
Microsoft Visual Studio Solution File, Format Version 12.00
# Visual Studio 2012
Project("{8BC9CEB8-8B4A-11D0-8D11-00A0C91BC942}") = "mouseSimulation", "mouseSimulation\mouseSimulation.vcxproj", "{03A9712C-D961-40E7-A65F-21010F21145D}"
EndProject
Global
	GlobalSection(SolutionConfigurationPlatforms) = preSolution
		Debug|Win32 = Debug|Win32
		Release|Win32 = Release|Win32
	EndGlobalSection
	GlobalSection(ProjectConfigurationPlatforms) = postSolution
		{03A9712C-D961-40E7-A65F-21010F21145D}.Debug|Win32.ActiveCfg = Debug|Win32
		{03A9712C-D961-40E7-A65F-21010F21145D}.Debug|Win32.Build.0 = Debug|Win32
		{03A9712C-D961-40E7-A65F-21010F21145D}.Release|Win32.ActiveCfg = Release|Win32
		{03A9712C-D961-40E7-A65F-21010F21145D}.Release|Win32.Build.0 = Release|Win32
	EndGlobalSection
	GlobalSection(SolutionProperties) = preSolution
		HideSolutionNode = FALSE
	EndGlobalSection
EndGlobal
